
Microsoft Visual Studio Solution File, Format Version 12.00
# Visual Studio Version 16
VisualStudioVersion = 16.0.31005.135
MinimumVisualStudioVersion = 10.0.40219.1
Project("{FAE04EC0-301F-11D3-BF4B-00C04F79EFBC}") = "HepsiBurada.Case", "HepsiBurada.Case\HepsiBurada.Case.csproj", "{26325957-39FC-4430-B203-154B87381C10}"
EndProject
Project("{2150E333-8FDC-42A3-9474-1A3956D46DE8}") = "Test", "Test", "{69656959-3F1C-4737-81A0-905F09A10179}"
EndProject
Project("{FAE04EC0-301F-11D3-BF4B-00C04F79EFBC}") = "HepsiBurada.Case.Test", "Test\HepsiBurada.Case.Test\HepsiBurada.Case.Test.csproj", "{3720FA82-E36C-440B-9A37-82558850BE3A}"
EndProject
Global
	GlobalSection(SolutionConfigurationPlatforms) = preSolution
		Debug|Any CPU = Debug|Any CPU
		Release|Any CPU = Release|Any CPU
	EndGlobalSection
	GlobalSection(ProjectConfigurationPlatforms) = postSolution
		{26325957-39FC-4430-B203-154B87381C10}.Debug|Any CPU.ActiveCfg = Debug|Any CPU
		{26325957-39FC-4430-B203-154B87381C10}.Debug|Any CPU.Build.0 = Debug|Any CPU
		{26325957-39FC-4430-B203-154B87381C10}.Release|Any CPU.ActiveCfg = Release|Any CPU
		{26325957-39FC-4430-B203-154B87381C10}.Release|Any CPU.Build.0 = Release|Any CPU
		{3720FA82-E36C-440B-9A37-82558850BE3A}.Debug|Any CPU.ActiveCfg = Debug|Any CPU
		{3720FA82-E36C-440B-9A37-82558850BE3A}.Debug|Any CPU.Build.0 = Debug|Any CPU
		{3720FA82-E36C-440B-9A37-82558850BE3A}.Release|Any CPU.ActiveCfg = Release|Any CPU
		{3720FA82-E36C-440B-9A37-82558850BE3A}.Release|Any CPU.Build.0 = Release|Any CPU
	EndGlobalSection
	GlobalSection(SolutionProperties) = preSolution
		HideSolutionNode = FALSE
	EndGlobalSection
	GlobalSection(NestedProjects) = preSolution
		{3720FA82-E36C-440B-9A37-82558850BE3A} = {69656959-3F1C-4737-81A0-905F09A10179}
	EndGlobalSection
	GlobalSection(ExtensibilityGlobals) = postSolution
		SolutionGuid = {CF01BF81-CF53-41D0-A29C-0F54332DE7B1}
	EndGlobalSection
EndGlobal
